// !$*UTF8*$!
{
	archiveVersion = 1;
	classes = {
	};
	objectVersion = 50;
	objects = {

/* Begin PBXBuildFile section */
		2A1265F122C8B7F00003EDCC /* AppDelegate.swift in Sources */ = {isa = PBXBuildFile; fileRef = 2A1265F022C8B7F00003EDCC /* AppDelegate.swift */; };
		2A1265F322C8B7F00003EDCC /* ViewController.swift in Sources */ = {isa = PBXBuildFile; fileRef = 2A1265F222C8B7F00003EDCC /* ViewController.swift */; };
		2A1265F622C8B7F00003EDCC /* Main.storyboard in Resources */ = {isa = PBXBuildFile; fileRef = 2A1265F422C8B7F00003EDCC /* Main.storyboard */; };
		2A1265F822C8B7F40003EDCC /* Assets.xcassets in Resources */ = {isa = PBXBuildFile; fileRef = 2A1265F722C8B7F40003EDCC /* Assets.xcassets */; };
		2A1265FB22C8B7F40003EDCC /* LaunchScreen.storyboard in Resources */ = {isa = PBXBuildFile; fileRef = 2A1265F922C8B7F40003EDCC /* LaunchScreen.storyboard */; };
		2A12660622C8B7F40003EDCC /* QYXBannerViewTests.swift in Sources */ = {isa = PBXBuildFile; fileRef = 2A12660522C8B7F40003EDCC /* QYXBannerViewTests.swift */; };
		2A12661122C8B7F40003EDCC /* QYXBannerViewUITests.swift in Sources */ = {isa = PBXBuildFile; fileRef = 2A12661022C8B7F40003EDCC /* QYXBannerViewUITests.swift */; };
		2A12662022C8B8600003EDCC /* BannerView.swift in Sources */ = {isa = PBXBuildFile; fileRef = 2A12661F22C8B8600003EDCC /* BannerView.swift */; };
		2A12662222C8B87D0003EDCC /* BannerOfCustomerView.swift in Sources */ = {isa = PBXBuildFile; fileRef = 2A12662122C8B87D0003EDCC /* BannerOfCustomerView.swift */; };
/* End PBXBuildFile section */

/* Begin PBXContainerItemProxy section */
		2A12660222C8B7F40003EDCC /* PBXContainerItemProxy */ = {
			isa = PBXContainerItemProxy;
			containerPortal = 2A1265E522C8B7F00003EDCC /* Project object */;
			proxyType = 1;
			remoteGlobalIDString = 2A1265EC22C8B7F00003EDCC;
			remoteInfo = QYXBannerView;
		};
		2A12660D22C8B7F40003EDCC /* PBXContainerItemProxy */ = {
			isa = PBXContainerItemProxy;
			containerPortal = 2A1265E522C8B7F00003EDCC /* Project object */;
			proxyType = 1;
			remoteGlobalIDString = 2A1265EC22C8B7F00003EDCC;
			remoteInfo = QYXBannerView;
		};
/* End PBXContainerItemProxy section */

/* Begin PBXFileReference section */
		2A1265ED22C8B7F00003EDCC /* QYXBannerView.app */ = {isa = PBXFileReference; explicitFileType = wrapper.application; includeInIndex = 0; path = QYXBannerView.app; sourceTree = BUILT_PRODUCTS_DIR; };
		2A1265F022C8B7F00003EDCC /* AppDelegate.swift */ = {isa = PBXFileReference; lastKnownFileType = sourcecode.swift; path = AppDelegate.swift; sourceTree = "<group>"; };
		2A1265F222C8B7F00003EDCC /* ViewController.swift */ = {isa = PBXFileReference; lastKnownFileType = sourcecode.swift; path = ViewController.swift; sourceTree = "<group>"; };
		2A1265F522C8B7F00003EDCC /* Base */ = {isa = PBXFileReference; lastKnownFileType = file.storyboard; name = Base; path = Base.lproj/Main.storyboard; sourceTree = "<group>"; };
		2A1265F722C8B7F40003EDCC /* Assets.xcassets */ = {isa = PBXFileReference; lastKnownFileType = folder.assetcatalog; path = Assets.xcassets; sourceTree = "<group>"; };
		2A1265FA22C8B7F40003EDCC /* Base */ = {isa = PBXFileReference; lastKnownFileType = file.storyboard; name = Base; path = Base.lproj/LaunchScreen.storyboard; sourceTree = "<group>"; };
		2A1265FC22C8B7F40003EDCC /* Info.plist */ = {isa = PBXFileReference; lastKnownFileType = text.plist.xml; path = Info.plist; sourceTree = "<group>"; };
		2A12660122C8B7F40003EDCC /* QYXBannerViewTests.xctest */ = {isa = PBXFileReference; explicitFileType = wrapper.cfbundle; includeInIndex = 0; path = QYXBannerViewTests.xctest; sourceTree = BUILT_PRODUCTS_DIR; };
		2A12660522C8B7F40003EDCC /* QYXBannerViewTests.swift */ = {isa = PBXFileReference; lastKnownFileType = sourcecode.swift; path = QYXBannerViewTests.swift; sourceTree = "<group>"; };
		2A12660722C8B7F40003EDCC /* Info.plist */ = {isa = PBXFileReference; lastKnownFileType = text.plist.xml; path = Info.plist; sourceTree = "<group>"; };
		2A12660C22C8B7F40003EDCC /* QYXBannerViewUITests.xctest */ = {isa = PBXFileReference; explicitFileType = wrapper.cfbundle; includeInIndex = 0; path = QYXBannerViewUITests.xctest; sourceTree = BUILT_PRODUCTS_DIR; };
		2A12661022C8B7F40003EDCC /* QYXBannerViewUITests.swift */ = {isa = PBXFileReference; lastKnownFileType = sourcecode.swift; path = QYXBannerViewUITests.swift; sourceTree = "<group>"; };
		2A12661222C8B7F40003EDCC /* Info.plist */ = {isa = PBXFileReference; lastKnownFileType = text.plist.xml; path = Info.plist; sourceTree = "<group>"; };
		2A12661F22C8B8600003EDCC /* BannerView.swift */ = {isa = PBXFileReference; lastKnownFileType = sourcecode.swift; path = BannerView.swift; sourceTree = "<group>"; };
		2A12662122C8B87D0003EDCC /* BannerOfCustomerView.swift */ = {isa = PBXFileReference; lastKnownFileType = sourcecode.swift; path = BannerOfCustomerView.swift; sourceTree = "<group>"; };
/* End PBXFileReference section */

/* Begin PBXFrameworksBuildPhase section */
		2A1265EA22C8B7F00003EDCC /* Frameworks */ = {
			isa = PBXFrameworksBuildPhase;
			buildActionMask = 2147483647;
			files = (
			);
			runOnlyForDeploymentPostprocessing = 0;
		};
		2A1265FE22C8B7F40003EDCC /* Frameworks */ = {
			isa = PBXFrameworksBuildPhase;
			buildActionMask = 2147483647;
			files = (
			);
			runOnlyForDeploymentPostprocessing = 0;
		};
		2A12660922C8B7F40003EDCC /* Frameworks */ = {
			isa = PBXFrameworksBuildPhase;
			buildActionMask = 2147483647;
			files = (
			);
			runOnlyForDeploymentPostprocessing = 0;
		};
/* End PBXFrameworksBuildPhase section */

/* Begin PBXGroup section */
		2A1265E422C8B7F00003EDCC = {
			isa = PBXGroup;
			children = (
				2A1265EF22C8B7F00003EDCC /* QYXBannerView */,
				2A12660422C8B7F40003EDCC /* QYXBannerViewTests */,
				2A12660F22C8B7F40003EDCC /* QYXBannerViewUITests */,
				2A1265EE22C8B7F00003EDCC /* Products */,
			);
			sourceTree = "<group>";
		};
		2A1265EE22C8B7F00003EDCC /* Products */ = {
			isa = PBXGroup;
			children = (
				2A1265ED22C8B7F00003EDCC /* QYXBannerView.app */,
				2A12660122C8B7F40003EDCC /* QYXBannerViewTests.xctest */,
				2A12660C22C8B7F40003EDCC /* QYXBannerViewUITests.xctest */,
			);
			name = Products;
			sourceTree = "<group>";
		};
		2A1265EF22C8B7F00003EDCC /* QYXBannerView */ = {
			isa = PBXGroup;
			children = (
				2A12661E22C8B83A0003EDCC /* BannerViewCode */,
				2A1265F022C8B7F00003EDCC /* AppDelegate.swift */,
				2A1265F222C8B7F00003EDCC /* ViewController.swift */,
				2A1265F422C8B7F00003EDCC /* Main.storyboard */,
				2A1265F722C8B7F40003EDCC /* Assets.xcassets */,
				2A1265F922C8B7F40003EDCC /* LaunchScreen.storyboard */,
				2A1265FC22C8B7F40003EDCC /* Info.plist */,
			);
			path = QYXBannerView;
			sourceTree = "<group>";
		};
		2A12660422C8B7F40003EDCC /* QYXBannerViewTests */ = {
			isa = PBXGroup;
			children = (
				2A12660522C8B7F40003EDCC /* QYXBannerViewTests.swift */,
				2A12660722C8B7F40003EDCC /* Info.plist */,
			);
			path = QYXBannerViewTests;
			sourceTree = "<group>";
		};
		2A12660F22C8B7F40003EDCC /* QYXBannerViewUITests */ = {
			isa = PBXGroup;
			children = (
				2A12661022C8B7F40003EDCC /* QYXBannerViewUITests.swift */,
				2A12661222C8B7F40003EDCC /* Info.plist */,
			);
			path = QYXBannerViewUITests;
			sourceTree = "<group>";
		};
		2A12661E22C8B83A0003EDCC /* BannerViewCode */ = {
			isa = PBXGroup;
			children = (
				2A12661F22C8B8600003EDCC /* BannerView.swift */,
				2A12662122C8B87D0003EDCC /* BannerOfCustomerView.swift */,
			);
			path = BannerViewCode;
			sourceTree = "<group>";
		};
/* End PBXGroup section */

/* Begin PBXNativeTarget section */
		2A1265EC22C8B7F00003EDCC /* QYXBannerView */ = {
			isa = PBXNativeTarget;
			buildConfigurationList = 2A12661522C8B7F40003EDCC /* Build configuration list for PBXNativeTarget "QYXBannerView" */;
			buildPhases = (
				2A1265E922C8B7F00003EDCC /* Sources */,
				2A1265EA22C8B7F00003EDCC /* Frameworks */,
				2A1265EB22C8B7F00003EDCC /* Resources */,
			);
			buildRules = (
			);
			dependencies = (
			);
			name = QYXBannerView;
			productName = QYXBannerView;
			productReference = 2A1265ED22C8B7F00003EDCC /* QYXBannerView.app */;
			productType = "com.apple.product-type.application";
		};
		2A12660022C8B7F40003EDCC /* QYXBannerViewTests */ = {
			isa = PBXNativeTarget;
			buildConfigurationList = 2A12661822C8B7F40003EDCC /* Build configuration list for PBXNativeTarget "QYXBannerViewTests" */;
			buildPhases = (
				2A1265FD22C8B7F40003EDCC /* Sources */,
				2A1265FE22C8B7F40003EDCC /* Frameworks */,
				2A1265FF22C8B7F40003EDCC /* Resources */,
			);
			buildRules = (
			);
			dependencies = (
				2A12660322C8B7F40003EDCC /* PBXTargetDependency */,
			);
			name = QYXBannerViewTests;
			productName = QYXBannerViewTests;
			productReference = 2A12660122C8B7F40003EDCC /* QYXBannerViewTests.xctest */;
			productType = "com.apple.product-type.bundle.unit-test";
		};
		2A12660B22C8B7F40003EDCC /* QYXBannerViewUITests */ = {
			isa = PBXNativeTarget;
			buildConfigurationList = 2A12661B22C8B7F40003EDCC /* Build configuration list for PBXNativeTarget "QYXBannerViewUITests" */;
			buildPhases = (
				2A12660822C8B7F40003EDCC /* Sources */,
				2A12660922C8B7F40003EDCC /* Frameworks */,
				2A12660A22C8B7F40003EDCC /* Resources */,
			);
			buildRules = (
			);
			dependencies = (
				2A12660E22C8B7F40003EDCC /* PBXTargetDependency */,
			);
			name = QYXBannerViewUITests;
			productName = QYXBannerViewUITests;
			productReference = 2A12660C22C8B7F40003EDCC /* QYXBannerViewUITests.xctest */;
			productType = "com.apple.product-type.bundle.ui-testing";
		};
/* End PBXNativeTarget section */

/* Begin PBXProject section */
		2A1265E522C8B7F00003EDCC /* Project object */ = {
			isa = PBXProject;
			attributes = {
				LastSwiftUpdateCheck = 1020;
				LastUpgradeCheck = 1020;
				ORGANIZATIONNAME = "邱云翔";
				TargetAttributes = {
					2A1265EC22C8B7F00003EDCC = {
						CreatedOnToolsVersion = 10.2.1;
					};
					2A12660022C8B7F40003EDCC = {
						CreatedOnToolsVersion = 10.2.1;
						TestTargetID = 2A1265EC22C8B7F00003EDCC;
					};
					2A12660B22C8B7F40003EDCC = {
						CreatedOnToolsVersion = 10.2.1;
						TestTargetID = 2A1265EC22C8B7F00003EDCC;
					};
				};
			};
			buildConfigurationList = 2A1265E822C8B7F00003EDCC /* Build configuration list for PBXProject "QYXBannerView" */;
			compatibilityVersion = "Xcode 9.3";
			developmentRegion = en;
			hasScannedForEncodings = 0;
			knownRegions = (
				en,
				Base,
			);
			mainGroup = 2A1265E422C8B7F00003EDCC;
			productRefGroup = 2A1265EE22C8B7F00003EDCC /* Products */;
			projectDirPath = "";
			projectRoot = "";
			targets = (
				2A1265EC22C8B7F00003EDCC /* QYXBannerView */,
				2A12660022C8B7F40003EDCC /* QYXBannerViewTests */,
				2A12660B22C8B7F40003EDCC /* QYXBannerViewUITests */,
			);
		};
/* End PBXProject section */

/* Begin PBXResourcesBuildPhase section */
		2A1265EB22C8B7F00003EDCC /* Resources */ = {
			isa = PBXResourcesBuildPhase;
			buildActionMask = 2147483647;
			files = (
				2A1265FB22C8B7F40003EDCC /* LaunchScreen.storyboard in Resources */,
				2A1265F822C8B7F40003EDCC /* Assets.xcassets in Resources */,
				2A1265F622C8B7F00003EDCC /* Main.storyboard in Resources */,
			);
			runOnlyForDeploymentPostprocessing = 0;
		};
		2A1265FF22C8B7F40003EDCC /* Resources */ = {
			isa = PBXResourcesBuildPhase;
			buildActionMask = 2147483647;
			files = (
			);
			runOnlyForDeploymentPostprocessing = 0;
		};
		2A12660A22C8B7F40003EDCC /* Resources */ = {
			isa = PBXResourcesBuildPhase;
			buildActionMask = 2147483647;
			files = (
			);
			runOnlyForDeploymentPostprocessing = 0;
		};
/* End PBXResourcesBuildPhase section */

/* Begin PBXSourcesBuildPhase section */
		2A1265E922C8B7F00003EDCC /* Sources */ = {
			isa = PBXSourcesBuildPhase;
			buildActionMask = 2147483647;
			files = (
				2A1265F322C8B7F00003EDCC /* ViewController.swift in Sources */,
				2A12662222C8B87D0003EDCC /* BannerOfCustomerView.swift in Sources */,
				2A1265F122C8B7F00003EDCC /* AppDelegate.swift in Sources */,
				2A12662022C8B8600003EDCC /* BannerView.swift in Sources */,
			);
			runOnlyForDeploymentPostprocessing = 0;
		};
		2A1265FD22C8B7F40003EDCC /* Sources */ = {
			isa = PBXSourcesBuildPhase;
			buildActionMask = 2147483647;
			files = (
				2A12660622C8B7F40003EDCC /* QYXBannerViewTests.swift in Sources */,
			);
			runOnlyForDeploymentPostprocessing = 0;
		};
		2A12660822C8B7F40003EDCC /* Sources */ = {
			isa = PBXSourcesBuildPhase;
			buildActionMask = 2147483647;
			files = (
				2A12661122C8B7F40003EDCC /* QYXBannerViewUITests.swift in Sources */,
			);
			runOnlyForDeploymentPostprocessing = 0;
		};
/* End PBXSourcesBuildPhase section */

/* Begin PBXTargetDependency section */
		2A12660322C8B7F40003EDCC /* PBXTargetDependency */ = {
			isa = PBXTargetDependency;
			target = 2A1265EC22C8B7F00003EDCC /* QYXBannerView */;
			targetProxy = 2A12660222C8B7F40003EDCC /* PBXContainerItemProxy */;
		};
		2A12660E22C8B7F40003EDCC /* PBXTargetDependency */ = {
			isa = PBXTargetDependency;
			target = 2A1265EC22C8B7F00003EDCC /* QYXBannerView */;
			targetProxy = 2A12660D22C8B7F40003EDCC /* PBXContainerItemProxy */;
		};
/* End PBXTargetDependency section */

/* Begin PBXVariantGroup section */
		2A1265F422C8B7F00003EDCC /* Main.storyboard */ = {
			isa = PBXVariantGroup;
			children = (
				2A1265F522C8B7F00003EDCC /* Base */,
			);
			name = Main.storyboard;
			sourceTree = "<group>";
		};
		2A1265F922C8B7F40003EDCC /* LaunchScreen.storyboard */ = {
			isa = PBXVariantGroup;
			children = (
				2A1265FA22C8B7F40003EDCC /* Base */,
			);
			name = LaunchScreen.storyboard;
			sourceTree = "<group>";
		};
/* End PBXVariantGroup section */

/* Begin XCBuildConfiguration section */
		2A12661322C8B7F40003EDCC /* Debug */ = {
			isa = XCBuildConfiguration;
			buildSettings = {
				ALWAYS_SEARCH_USER_PATHS = NO;
				CLANG_ANALYZER_NONNULL = YES;
				CLANG_ANALYZER_NUMBER_OBJECT_CONVERSION = YES_AGGRESSIVE;
				CLANG_CXX_LANGUAGE_STANDARD = "gnu++14";
				CLANG_CXX_LIBRARY = "libc++";
				CLANG_ENABLE_MODULES = YES;
				CLANG_ENABLE_OBJC_ARC = YES;
				CLANG_ENABLE_OBJC_WEAK = YES;
				CLANG_WARN_BLOCK_CAPTURE_AUTORELEASING = YES;
				CLANG_WARN_BOOL_CONVERSION = YES;
				CLANG_WARN_COMMA = YES;
				CLANG_WARN_CONSTANT_CONVERSION = YES;
				CLANG_WARN_DEPRECATED_OBJC_IMPLEMENTATIONS = YES;
				CLANG_WARN_DIRECT_OBJC_ISA_USAGE = YES_ERROR;
				CLANG_WARN_DOCUMENTATION_COMMENTS = YES;
				CLANG_WARN_EMPTY_BODY = YES;
				CLANG_WARN_ENUM_CONVERSION = YES;
				CLANG_WARN_INFINITE_RECURSION = YES;
				CLANG_WARN_INT_CONVERSION = YES;
				CLANG_WARN_NON_LITERAL_NULL_CONVERSION = YES;
				CLANG_WARN_OBJC_IMPLICIT_RETAIN_SELF = YES;
				CLANG_WARN_OBJC_LITERAL_CONVERSION = YES;
				CLANG_WARN_OBJC_ROOT_CLASS = YES_ERROR;
				CLANG_WARN_RANGE_LOOP_ANALYSIS = YES;
				CLANG_WARN_STRICT_PROTOTYPES = YES;
				CLANG_WARN_SUSPICIOUS_MOVE = YES;
				CLANG_WARN_UNGUARDED_AVAILABILITY = YES_AGGRESSIVE;
				CLANG_WARN_UNREACHABLE_CODE = YES;
				CLANG_WARN__DUPLICATE_METHOD_MATCH = YES;
				CODE_SIGN_IDENTITY = "iPhone Developer";
				COPY_PHASE_STRIP = NO;
				DEBUG_INFORMATION_FORMAT = dwarf;
				ENABLE_STRICT_OBJC_MSGSEND = YES;
				ENABLE_TESTABILITY = YES;
				GCC_C_LANGUAGE_STANDARD = gnu11;
				GCC_DYNAMIC_NO_PIC = NO;
				GCC_NO_COMMON_BLOCKS = YES;
				GCC_OPTIMIZATION_LEVEL = 0;
				GCC_PREPROCESSOR_DEFINITIONS = (
					"DEBUG=1",
					"$(inherited)",
				);
				GCC_WARN_64_TO_32_BIT_CONVERSION = YES;
				GCC_WARN_ABOUT_RETURN_TYPE = YES_ERROR;
				GCC_WARN_UNDECLARED_SELECTOR = YES;
				GCC_WARN_UNINITIALIZED_AUTOS = YES_AGGRESSIVE;
				GCC_WARN_UNUSED_FUNCTION = YES;
				GCC_WARN_UNUSED_VARIABLE = YES;
				IPHONEOS_DEPLOYMENT_TARGET = 12.2;
				MTL_ENABLE_DEBUG_INFO = INCLUDE_SOURCE;
				MTL_FAST_MATH = YES;
				ONLY_ACTIVE_ARCH = YES;
				SDKROOT = iphoneos;
				SWIFT_ACTIVE_COMPILATION_CONDITIONS = DEBUG;
				SWIFT_OPTIMIZATION_LEVEL = "-Onone";
			};
			name = Debug;
		};
		2A12661422C8B7F40003EDCC /* Release */ = {
			isa = XCBuildConfiguration;
			buildSettings = {
				ALWAYS_SEARCH_USER_PATHS = NO;
				CLANG_ANALYZER_NONNULL = YES;
				CLANG_ANALYZER_NUMBER_OBJECT_CONVERSION = YES_AGGRESSIVE;
				CLANG_CXX_LANGUAGE_STANDARD = "gnu++14";
				CLANG_CXX_LIBRARY = "libc++";
				CLANG_ENABLE_MODULES = YES;
				CLANG_ENABLE_OBJC_ARC = YES;
				CLANG_ENABLE_OBJC_WEAK = YES;
				CLANG_WARN_BLOCK_CAPTURE_AUTORELEASING = YES;
				CLANG_WARN_BOOL_CONVERSION = YES;
				CLANG_WARN_COMMA = YES;
				CLANG_WARN_CONSTANT_CONVERSION = YES;
				CLANG_WARN_DEPRECATED_OBJC_IMPLEMENTATIONS = YES;
				CLANG_WARN_DIRECT_OBJC_ISA_USAGE = YES_ERROR;
				CLANG_WARN_DOCUMENTATION_COMMENTS = YES;
				CLANG_WARN_EMPTY_BODY = YES;
				CLANG_WARN_ENUM_CONVERSION = YES;
				CLANG_WARN_INFINITE_RECURSION = YES;
				CLANG_WARN_INT_CONVERSION = YES;
				CLANG_WARN_NON_LITERAL_NULL_CONVERSION = YES;
				CLANG_WARN_OBJC_IMPLICIT_RETAIN_SELF = YES;
				CLANG_WARN_OBJC_LITERAL_CONVERSION = YES;
				CLANG_WARN_OBJC_ROOT_CLASS = YES_ERROR;
				CLANG_WARN_RANGE_LOOP_ANALYSIS = YES;
				CLANG_WARN_STRICT_PROTOTYPES = YES;
				CLANG_WARN_SUSPICIOUS_MOVE = YES;
				CLANG_WARN_UNGUARDED_AVAILABILITY = YES_AGGRESSIVE;
				CLANG_WARN_UNREACHABLE_CODE = YES;
				CLANG_WARN__DUPLICATE_METHOD_MATCH = YES;
				CODE_SIGN_IDENTITY = "iPhone Developer";
				COPY_PHASE_STRIP = NO;
				DEBUG_INFORMATION_FORMAT = "dwarf-with-dsym";
				ENABLE_NS_ASSERTIONS = NO;
				ENABLE_STRICT_OBJC_MSGSEND = YES;
				GCC_C_LANGUAGE_STANDARD = gnu11;
				GCC_NO_COMMON_BLOCKS = YES;
				GCC_WARN_64_TO_32_BIT_CONVERSION = YES;
				GCC_WARN_ABOUT_RETURN_TYPE = YES_ERROR;
				GCC_WARN_UNDECLARED_SELECTOR = YES;
				GCC_WARN_UNINITIALIZED_AUTOS = YES_AGGRESSIVE;
				GCC_WARN_UNUSED_FUNCTION = YES;
				GCC_WARN_UNUSED_VARIABLE = YES;
				IPHONEOS_DEPLOYMENT_TARGET = 12.2;
				MTL_ENABLE_DEBUG_INFO = NO;
				MTL_FAST_MATH = YES;
				SDKROOT = iphoneos;
				SWIFT_COMPILATION_MODE = wholemodule;
				SWIFT_OPTIMIZATION_LEVEL = "-O";
				VALIDATE_PRODUCT = YES;
			};
			name = Release;
		};
		2A12661622C8B7F40003EDCC /* Debug */ = {
			isa = XCBuildConfiguration;
			buildSettings = {
				ASSETCATALOG_COMPILER_APPICON_NAME = AppIcon;
				CODE_SIGN_STYLE = Automatic;
				DEVELOPMENT_TEAM = 4QGE9G28H2;
				INFOPLIST_FILE = QYXBannerView/Info.plist;
				IPHONEOS_DEPLOYMENT_TARGET = 10.0;
				LD_RUNPATH_SEARCH_PATHS = (
					"$(inherited)",
					"@executable_path/Frameworks",
				);
				PRODUCT_BUNDLE_IDENTIFIER = www.qiuyunxiang.QYXBannerView;
				PRODUCT_NAME = "$(TARGET_NAME)";
				SWIFT_VERSION = 5.0;
				TARGETED_DEVICE_FAMILY = "1,2";
			};
			name = Debug;
		};
		2A12661722C8B7F40003EDCC /* Release */ = {
			isa = XCBuildConfiguration;
			buildSettings = {
				ASSETCATALOG_COMPILER_APPICON_NAME = AppIcon;
				CODE_SIGN_STYLE = Automatic;
				DEVELOPMENT_TEAM = 4QGE9G28H2;
				INFOPLIST_FILE = QYXBannerView/Info.plist;
				IPHONEOS_DEPLOYMENT_TARGET = 10.0;
				LD_RUNPATH_SEARCH_PATHS = (
					"$(inherited)",
					"@executable_path/Frameworks",
				);
				PRODUCT_BUNDLE_IDENTIFIER = www.qiuyunxiang.QYXBannerView;
				PRODUCT_NAME = "$(TARGET_NAME)";
				SWIFT_VERSION = 5.0;
				TARGETED_DEVICE_FAMILY = "1,2";
			};
			name = Release;
		};
		2A12661922C8B7F40003EDCC /* Debug */ = {
			isa = XCBuildConfiguration;
			buildSettings = {
				ALWAYS_EMBED_SWIFT_STANDARD_LIBRARIES = YES;
				BUNDLE_LOADER = "$(TEST_HOST)";
				CODE_SIGN_STYLE = Automatic;
				DEVELOPMENT_TEAM = 4QGE9G28H2;
				INFOPLIST_FILE = QYXBannerViewTests/Info.plist;
				LD_RUNPATH_SEARCH_PATHS = (
					"$(inherited)",
					"@executable_path/Frameworks",
					"@loader_path/Frameworks",
				);
				PRODUCT_BUNDLE_IDENTIFIER = www.qiuyunxiang.QYXBannerViewTests;
				PRODUCT_NAME = "$(TARGET_NAME)";
				SWIFT_VERSION = 5.0;
				TARGETED_DEVICE_FAMILY = "1,2";
				TEST_HOST = "$(BUILT_PRODUCTS_DIR)/QYXBannerView.app/QYXBannerView";
			};
			name = Debug;
		};
		2A12661A22C8B7F40003EDCC /* Release */ = {
			isa = XCBuildConfiguration;
			buildSettings = {
				ALWAYS_EMBED_SWIFT_STANDARD_LIBRARIES = YES;
				BUNDLE_LOADER = "$(TEST_HOST)";
				CODE_SIGN_STYLE = Automatic;
				DEVELOPMENT_TEAM = 4QGE9G28H2;
				INFOPLIST_FILE = QYXBannerViewTests/Info.plist;
				LD_RUNPATH_SEARCH_PATHS = (
					"$(inherited)",
					"@executable_path/Frameworks",
					"@loader_path/Frameworks",
				);
				PRODUCT_BUNDLE_IDENTIFIER = www.qiuyunxiang.QYXBannerViewTests;
				PRODUCT_NAME = "$(TARGET_NAME)";
				SWIFT_VERSION = 5.0;
				TARGETED_DEVICE_FAMILY = "1,2";
				TEST_HOST = "$(BUILT_PRODUCTS_DIR)/QYXBannerView.app/QYXBannerView";
			};
			name = Release;
		};
		2A12661C22C8B7F40003EDCC /* Debug */ = {
			isa = XCBuildConfiguration;
			buildSettings = {
				ALWAYS_EMBED_SWIFT_STANDARD_LIBRARIES = YES;
				CODE_SIGN_STYLE = Automatic;
				DEVELOPMENT_TEAM = 4QGE9G28H2;
				INFOPLIST_FILE = QYXBannerViewUITests/Info.plist;
				LD_RUNPATH_SEARCH_PATHS = (
					"$(inherited)",
					"@executable_path/Frameworks",
					"@loader_path/Frameworks",
				);
				PRODUCT_BUNDLE_IDENTIFIER = www.qiuyunxiang.QYXBannerViewUITests;
				PRODUCT_NAME = "$(TARGET_NAME)";
				SWIFT_VERSION = 5.0;
				TARGETED_DEVICE_FAMILY = "1,2";
				TEST_TARGET_NAME = QYXBannerView;
			};
			name = Debug;
		};
		2A12661D22C8B7F40003EDCC /* Release */ = {
			isa = XCBuildConfiguration;
			buildSettings = {
				ALWAYS_EMBED_SWIFT_STANDARD_LIBRARIES = YES;
				CODE_SIGN_STYLE = Automatic;
				DEVELOPMENT_TEAM = 4QGE9G28H2;
				INFOPLIST_FILE = QYXBannerViewUITests/Info.plist;
				LD_RUNPATH_SEARCH_PATHS = (
					"$(inherited)",
					"@executable_path/Frameworks",
					"@loader_path/Frameworks",
				);
				PRODUCT_BUNDLE_IDENTIFIER = www.qiuyunxiang.QYXBannerViewUITests;
				PRODUCT_NAME = "$(TARGET_NAME)";
				SWIFT_VERSION = 5.0;
				TARGETED_DEVICE_FAMILY = "1,2";
				TEST_TARGET_NAME = QYXBannerView;
			};
			name = Release;
		};
/* End XCBuildConfiguration section */

/* Begin XCConfigurationList section */
		2A1265E822C8B7F00003EDCC /* Build configuration list for PBXProject "QYXBannerView" */ = {
			isa = XCConfigurationList;
			buildConfigurations = (
				2A12661322C8B7F40003EDCC /* Debug */,
				2A12661422C8B7F40003EDCC /* Release */,
			);
			defaultConfigurationIsVisible = 0;
			defaultConfigurationName = Release;
		};
		2A12661522C8B7F40003EDCC /* Build configuration list for PBXNativeTarget "QYXBannerView" */ = {
			isa = XCConfigurationList;
			buildConfigurations = (
				2A12661622C8B7F40003EDCC /* Debug */,
				2A12661722C8B7F40003EDCC /* Release */,
			);
			defaultConfigurationIsVisible = 0;
			defaultConfigurationName = Release;
		};
		2A12661822C8B7F40003EDCC /* Build configuration list for PBXNativeTarget "QYXBannerViewTests" */ = {
			isa = XCConfigurationList;
			buildConfigurations = (
				2A12661922C8B7F40003EDCC /* Debug */,
				2A12661A22C8B7F40003EDCC /* Release */,
			);
			defaultConfigurationIsVisible = 0;
			defaultConfigurationName = Release;
		};
		2A12661B22C8B7F40003EDCC /* Build configuration list for PBXNativeTarget "QYXBannerViewUITests" */ = {
			isa = XCConfigurationList;
			buildConfigurations = (
				2A12661C22C8B7F40003EDCC /* Debug */,
				2A12661D22C8B7F40003EDCC /* Release */,
			);
			defaultConfigurationIsVisible = 0;
			defaultConfigurationName = Release;
		};
/* End XCConfigurationList section */
	};
	rootObject = 2A1265E522C8B7F00003EDCC /* Project object */;
}
